// !$*UTF8*$!
{
	archiveVersion = 1;
	classes = {
	};
	objectVersion = 50;
	objects = {

/* Begin PBXBuildFile section */
		7C6A347D249CC39600CE3E5E /* AppDelegate.m in Sources */ = {isa = PBXBuildFile; fileRef = 7C6A347C249CC39600CE3E5E /* AppDelegate.m */; };
		7C6A3480249CC39600CE3E5E /* SceneDelegate.m in Sources */ = {isa = PBXBuildFile; fileRef = 7C6A347F249CC39600CE3E5E /* SceneDelegate.m */; };
		7C6A3483249CC39600CE3E5E /* ViewController.m in Sources */ = {isa = PBXBuildFile; fileRef = 7C6A3482249CC39600CE3E5E /* ViewController.m */; };
		7C6A3486249CC39600CE3E5E /* Main.storyboard in Resources */ = {isa = PBXBuildFile; fileRef = 7C6A3484249CC39600CE3E5E /* Main.storyboard */; };
		7C6A3488249CC39A00CE3E5E /* Assets.xcassets in Resources */ = {isa = PBXBuildFile; fileRef = 7C6A3487249CC39A00CE3E5E /* Assets.xcassets */; };
		7C6A348B249CC39A00CE3E5E /* LaunchScreen.storyboard in Resources */ = {isa = PBXBuildFile; fileRef = 7C6A3489249CC39A00CE3E5E /* LaunchScreen.storyboard */; };
		7C6A348E249CC39A00CE3E5E /* main.m in Sources */ = {isa = PBXBuildFile; fileRef = 7C6A348D249CC39A00CE3E5E /* main.m */; };
/* End PBXBuildFile section */

/* Begin PBXFileReference section */
		7C6A3478249CC39600CE3E5E /* shdPublicPods.app */ = {isa = PBXFileReference; explicitFileType = wrapper.application; includeInIndex = 0; path = shdPublicPods.app; sourceTree = BUILT_PRODUCTS_DIR; };
		7C6A347B249CC39600CE3E5E /* AppDelegate.h */ = {isa = PBXFileReference; lastKnownFileType = sourcecode.c.h; path = AppDelegate.h; sourceTree = "<group>"; };
		7C6A347C249CC39600CE3E5E /* AppDelegate.m */ = {isa = PBXFileReference; lastKnownFileType = sourcecode.c.objc; path = AppDelegate.m; sourceTree = "<group>"; };
		7C6A347E249CC39600CE3E5E /* SceneDelegate.h */ = {isa = PBXFileReference; lastKnownFileType = sourcecode.c.h; path = SceneDelegate.h; sourceTree = "<group>"; };
		7C6A347F249CC39600CE3E5E /* SceneDelegate.m */ = {isa = PBXFileReference; lastKnownFileType = sourcecode.c.objc; path = SceneDelegate.m; sourceTree = "<group>"; };
		7C6A3481249CC39600CE3E5E /* ViewController.h */ = {isa = PBXFileReference; lastKnownFileType = sourcecode.c.h; path = ViewController.h; sourceTree = "<group>"; };
		7C6A3482249CC39600CE3E5E /* ViewController.m */ = {isa = PBXFileReference; lastKnownFileType = sourcecode.c.objc; path = ViewController.m; sourceTree = "<group>"; };
		7C6A3485249CC39600CE3E5E /* Base */ = {isa = PBXFileReference; lastKnownFileType = file.storyboard; name = Base; path = Base.lproj/Main.storyboard; sourceTree = "<group>"; };
		7C6A3487249CC39A00CE3E5E /* Assets.xcassets */ = {isa = PBXFileReference; lastKnownFileType = folder.assetcatalog; path = Assets.xcassets; sourceTree = "<group>"; };
		7C6A348A249CC39A00CE3E5E /* Base */ = {isa = PBXFileReference; lastKnownFileType = file.storyboard; name = Base; path = Base.lproj/LaunchScreen.storyboard; sourceTree = "<group>"; };
		7C6A348C249CC39A00CE3E5E /* Info.plist */ = {isa = PBXFileReference; lastKnownFileType = text.plist.xml; path = Info.plist; sourceTree = "<group>"; };
		7C6A348D249CC39A00CE3E5E /* main.m */ = {isa = PBXFileReference; lastKnownFileType = sourcecode.c.objc; path = main.m; sourceTree = "<group>"; };
/* End PBXFileReference section */

/* Begin PBXFrameworksBuildPhase section */
		7C6A3475249CC39600CE3E5E /* Frameworks */ = {
			isa = PBXFrameworksBuildPhase;
			buildActionMask = 2147483647;
			files = (
			);
			runOnlyForDeploymentPostprocessing = 0;
		};
/* End PBXFrameworksBuildPhase section */

/* Begin PBXGroup section */
		7C6A346F249CC39600CE3E5E = {
			isa = PBXGroup;
			children = (
				7C6A347A249CC39600CE3E5E /* shdPublicPods */,
				7C6A3479249CC39600CE3E5E /* Products */,
			);
			sourceTree = "<group>";
		};
		7C6A3479249CC39600CE3E5E /* Products */ = {
			isa = PBXGroup;
			children = (
				7C6A3478249CC39600CE3E5E /* shdPublicPods.app */,
			);
			name = Products;
			sourceTree = "<group>";
		};
		7C6A347A249CC39600CE3E5E /* shdPublicPods */ = {
			isa = PBXGroup;
			children = (
				7C6A347B249CC39600CE3E5E /* AppDelegate.h */,
				7C6A347C249CC39600CE3E5E /* AppDelegate.m */,
				7C6A347E249CC39600CE3E5E /* SceneDelegate.h */,
				7C6A347F249CC39600CE3E5E /* SceneDelegate.m */,
				7C6A3481249CC39600CE3E5E /* ViewController.h */,
				7C6A3482249CC39600CE3E5E /* ViewController.m */,
				7C6A3484249CC39600CE3E5E /* Main.storyboard */,
				7C6A3487249CC39A00CE3E5E /* Assets.xcassets */,
				7C6A3489249CC39A00CE3E5E /* LaunchScreen.storyboard */,
				7C6A348C249CC39A00CE3E5E /* Info.plist */,
				7C6A348D249CC39A00CE3E5E /* main.m */,
			);
			path = shdPublicPods;
			sourceTree = "<group>";
		};
/* End PBXGroup section */

/* Begin PBXNativeTarget section */
		7C6A3477249CC39600CE3E5E /* shdPublicPods */ = {
			isa = PBXNativeTarget;
			buildConfigurationList = 7C6A3491249CC39A00CE3E5E /* Build configuration list for PBXNativeTarget "shdPublicPods" */;
			buildPhases = (
				7C6A3474249CC39600CE3E5E /* Sources */,
				7C6A3475249CC39600CE3E5E /* Frameworks */,
				7C6A3476249CC39600CE3E5E /* Resources */,
			);
			buildRules = (
			);
			dependencies = (
			);
			name = shdPublicPods;
			productName = shdPublicPods;
			productReference = 7C6A3478249CC39600CE3E5E /* shdPublicPods.app */;
			productType = "com.apple.product-type.application";
		};
/* End PBXNativeTarget section */

/* Begin PBXProject section */
		7C6A3470249CC39600CE3E5E /* Project object */ = {
			isa = PBXProject;
			attributes = {
				LastUpgradeCheck = 1140;
				ORGANIZATIONNAME = Runbey;
				TargetAttributes = {
					7C6A3477249CC39600CE3E5E = {
						CreatedOnToolsVersion = 11.4;
					};
				};
			};
			buildConfigurationList = 7C6A3473249CC39600CE3E5E /* Build configuration list for PBXProject "shdPublicPods" */;
			compatibilityVersion = "Xcode 9.3";
			developmentRegion = en;
			hasScannedForEncodings = 0;
			knownRegions = (
				en,
				Base,
			);
			mainGroup = 7C6A346F249CC39600CE3E5E;
			productRefGroup = 7C6A3479249CC39600CE3E5E /* Products */;
			projectDirPath = "";
			projectRoot = "";
			targets = (
				7C6A3477249CC39600CE3E5E /* shdPublicPods */,
			);
		};
/* End PBXProject section */

/* Begin PBXResourcesBuildPhase section */
		7C6A3476249CC39600CE3E5E /* Resources */ = {
			isa = PBXResourcesBuildPhase;
			buildActionMask = 2147483647;
			files = (
				7C6A348B249CC39A00CE3E5E /* LaunchScreen.storyboard in Resources */,
				7C6A3488249CC39A00CE3E5E /* Assets.xcassets in Resources */,
				7C6A3486249CC39600CE3E5E /* Main.storyboard in Resources */,
			);
			runOnlyForDeploymentPostprocessing = 0;
		};
/* End PBXResourcesBuildPhase section */

/* Begin PBXSourcesBuildPhase section */
		7C6A3474249CC39600CE3E5E /* Sources */ = {
			isa = PBXSourcesBuildPhase;
			buildActionMask = 2147483647;
			files = (
				7C6A3483249CC39600CE3E5E /* ViewController.m in Sources */,
				7C6A347D249CC39600CE3E5E /* AppDelegate.m in Sources */,
				7C6A348E249CC39A00CE3E5E /* main.m in Sources */,
				7C6A3480249CC39600CE3E5E /* SceneDelegate.m in Sources */,
			);
			runOnlyForDeploymentPostprocessing = 0;
		};
/* End PBXSourcesBuildPhase section */

/* Begin PBXVariantGroup section */
		7C6A3484249CC39600CE3E5E /* Main.storyboard */ = {
			isa = PBXVariantGroup;
			children = (
				7C6A3485249CC39600CE3E5E /* Base */,
			);
			name = Main.storyboard;
			sourceTree = "<group>";
		};
		7C6A3489249CC39A00CE3E5E /* LaunchScreen.storyboard */ = {
			isa = PBXVariantGroup;
			children = (
				7C6A348A249CC39A00CE3E5E /* Base */,
			);
			name = LaunchScreen.storyboard;
			sourceTree = "<group>";
		};
/* End PBXVariantGroup section */

/* Begin XCBuildConfiguration section */
		7C6A348F249CC39A00CE3E5E /* Debug */ = {
			isa = XCBuildConfiguration;
			buildSettings = {
				ALWAYS_SEARCH_USER_PATHS = NO;
				CLANG_ANALYZER_NONNULL = YES;
				CLANG_ANALYZER_NUMBER_OBJECT_CONVERSION = YES_AGGRESSIVE;
				CLANG_CXX_LANGUAGE_STANDARD = "gnu++14";
				CLANG_CXX_LIBRARY = "libc++";
				CLANG_ENABLE_MODULES = YES;
				CLANG_ENABLE_OBJC_ARC = YES;
				CLANG_ENABLE_OBJC_WEAK = YES;
				CLANG_WARN_BLOCK_CAPTURE_AUTORELEASING = YES;
				CLANG_WARN_BOOL_CONVERSION = YES;
				CLANG_WARN_COMMA = YES;
				CLANG_WARN_CONSTANT_CONVERSION = YES;
				CLANG_WARN_DEPRECATED_OBJC_IMPLEMENTATIONS = YES;
				CLANG_WARN_DIRECT_OBJC_ISA_USAGE = YES_ERROR;
				CLANG_WARN_DOCUMENTATION_COMMENTS = YES;
				CLANG_WARN_EMPTY_BODY = YES;
				CLANG_WARN_ENUM_CONVERSION = YES;
				CLANG_WARN_INFINITE_RECURSION = YES;
				CLANG_WARN_INT_CONVERSION = YES;
				CLANG_WARN_NON_LITERAL_NULL_CONVERSION = YES;
				CLANG_WARN_OBJC_IMPLICIT_RETAIN_SELF = YES;
				CLANG_WARN_OBJC_LITERAL_CONVERSION = YES;
				CLANG_WARN_OBJC_ROOT_CLASS = YES_ERROR;
				CLANG_WARN_RANGE_LOOP_ANALYSIS = YES;
				CLANG_WARN_STRICT_PROTOTYPES = YES;
				CLANG_WARN_SUSPICIOUS_MOVE = YES;
				CLANG_WARN_UNGUARDED_AVAILABILITY = YES_AGGRESSIVE;
				CLANG_WARN_UNREACHABLE_CODE = YES;
				CLANG_WARN__DUPLICATE_METHOD_MATCH = YES;
				COPY_PHASE_STRIP = NO;
				DEBUG_INFORMATION_FORMAT = dwarf;
				ENABLE_STRICT_OBJC_MSGSEND = YES;
				ENABLE_TESTABILITY = YES;
				GCC_C_LANGUAGE_STANDARD = gnu11;
				GCC_DYNAMIC_NO_PIC = NO;
				GCC_NO_COMMON_BLOCKS = YES;
				GCC_OPTIMIZATION_LEVEL = 0;
				GCC_PREPROCESSOR_DEFINITIONS = (
					"DEBUG=1",
					"$(inherited)",
				);
				GCC_WARN_64_TO_32_BIT_CONVERSION = YES;
				GCC_WARN_ABOUT_RETURN_TYPE = YES_ERROR;
				GCC_WARN_UNDECLARED_SELECTOR = YES;
				GCC_WARN_UNINITIALIZED_AUTOS = YES_AGGRESSIVE;
				GCC_WARN_UNUSED_FUNCTION = YES;
				GCC_WARN_UNUSED_VARIABLE = YES;
				IPHONEOS_DEPLOYMENT_TARGET = 13.4;
				MTL_ENABLE_DEBUG_INFO = INCLUDE_SOURCE;
				MTL_FAST_MATH = YES;
				ONLY_ACTIVE_ARCH = YES;
				SDKROOT = iphoneos;
			};
			name = Debug;
		};
		7C6A3490249CC39A00CE3E5E /* Release */ = {
			isa = XCBuildConfiguration;
			buildSettings = {
				ALWAYS_SEARCH_USER_PATHS = NO;
				CLANG_ANALYZER_NONNULL = YES;
				CLANG_ANALYZER_NUMBER_OBJECT_CONVERSION = YES_AGGRESSIVE;
				CLANG_CXX_LANGUAGE_STANDARD = "gnu++14";
				CLANG_CXX_LIBRARY = "libc++";
				CLANG_ENABLE_MODULES = YES;
				CLANG_ENABLE_OBJC_ARC = YES;
				CLANG_ENABLE_OBJC_WEAK = YES;
				CLANG_WARN_BLOCK_CAPTURE_AUTORELEASING = YES;
				CLANG_WARN_BOOL_CONVERSION = YES;
				CLANG_WARN_COMMA = YES;
				CLANG_WARN_CONSTANT_CONVERSION = YES;
				CLANG_WARN_DEPRECATED_OBJC_IMPLEMENTATIONS = YES;
				CLANG_WARN_DIRECT_OBJC_ISA_USAGE = YES_ERROR;
				CLANG_WARN_DOCUMENTATION_COMMENTS = YES;
				CLANG_WARN_EMPTY_BODY = YES;
				CLANG_WARN_ENUM_CONVERSION = YES;
				CLANG_WARN_INFINITE_RECURSION = YES;
				CLANG_WARN_INT_CONVERSION = YES;
				CLANG_WARN_NON_LITERAL_NULL_CONVERSION = YES;
				CLANG_WARN_OBJC_IMPLICIT_RETAIN_SELF = YES;
				CLANG_WARN_OBJC_LITERAL_CONVERSION = YES;
				CLANG_WARN_OBJC_ROOT_CLASS = YES_ERROR;
				CLANG_WARN_RANGE_LOOP_ANALYSIS = YES;
				CLANG_WARN_STRICT_PROTOTYPES = YES;
				CLANG_WARN_SUSPICIOUS_MOVE = YES;
				CLANG_WARN_UNGUARDED_AVAILABILITY = YES_AGGRESSIVE;
				CLANG_WARN_UNREACHABLE_CODE = YES;
				CLANG_WARN__DUPLICATE_METHOD_MATCH = YES;
				COPY_PHASE_STRIP = NO;
				DEBUG_INFORMATION_FORMAT = "dwarf-with-dsym";
				ENABLE_NS_ASSERTIONS = NO;
				ENABLE_STRICT_OBJC_MSGSEND = YES;
				GCC_C_LANGUAGE_STANDARD = gnu11;
				GCC_NO_COMMON_BLOCKS = YES;
				GCC_WARN_64_TO_32_BIT_CONVERSION = YES;
				GCC_WARN_ABOUT_RETURN_TYPE = YES_ERROR;
				GCC_WARN_UNDECLARED_SELECTOR = YES;
				GCC_WARN_UNINITIALIZED_AUTOS = YES_AGGRESSIVE;
				GCC_WARN_UNUSED_FUNCTION = YES;
				GCC_WARN_UNUSED_VARIABLE = YES;
				IPHONEOS_DEPLOYMENT_TARGET = 13.4;
				MTL_ENABLE_DEBUG_INFO = NO;
				MTL_FAST_MATH = YES;
				SDKROOT = iphoneos;
				VALIDATE_PRODUCT = YES;
			};
			name = Release;
		};
		7C6A3492249CC39A00CE3E5E /* Debug */ = {
			isa = XCBuildConfiguration;
			buildSettings = {
				ASSETCATALOG_COMPILER_APPICON_NAME = AppIcon;
				CODE_SIGN_STYLE = Automatic;
				INFOPLIST_FILE = shdPublicPods/Info.plist;
				IPHONEOS_DEPLOYMENT_TARGET = 9.0;
				LD_RUNPATH_SEARCH_PATHS = (
					"$(inherited)",
					"@executable_path/Frameworks",
				);
				PRODUCT_BUNDLE_IDENTIFIER = com.runbey.Demo.shdPublicPods;
				PRODUCT_NAME = "$(TARGET_NAME)";
				TARGETED_DEVICE_FAMILY = "1,2";
			};
			name = Debug;
		};
		7C6A3493249CC39A00CE3E5E /* Release */ = {
			isa = XCBuildConfiguration;
			buildSettings = {
				ASSETCATALOG_COMPILER_APPICON_NAME = AppIcon;
				CODE_SIGN_STYLE = Automatic;
				INFOPLIST_FILE = shdPublicPods/Info.plist;
				IPHONEOS_DEPLOYMENT_TARGET = 9.0;
				LD_RUNPATH_SEARCH_PATHS = (
					"$(inherited)",
					"@executable_path/Frameworks",
				);
				PRODUCT_BUNDLE_IDENTIFIER = com.runbey.Demo.shdPublicPods;
				PRODUCT_NAME = "$(TARGET_NAME)";
				TARGETED_DEVICE_FAMILY = "1,2";
			};
			name = Release;
		};
/* End XCBuildConfiguration section */

/* Begin XCConfigurationList section */
		7C6A3473249CC39600CE3E5E /* Build configuration list for PBXProject "shdPublicPods" */ = {
			isa = XCConfigurationList;
			buildConfigurations = (
				7C6A348F249CC39A00CE3E5E /* Debug */,
				7C6A3490249CC39A00CE3E5E /* Release */,
			);
			defaultConfigurationIsVisible = 0;
			defaultConfigurationName = Release;
		};
		7C6A3491249CC39A00CE3E5E /* Build configuration list for PBXNativeTarget "shdPublicPods" */ = {
			isa = XCConfigurationList;
			buildConfigurations = (
				7C6A3492249CC39A00CE3E5E /* Debug */,
				7C6A3493249CC39A00CE3E5E /* Release */,
			);
			defaultConfigurationIsVisible = 0;
			defaultConfigurationName = Release;
		};
/* End XCConfigurationList section */
	};
	rootObject = 7C6A3470249CC39600CE3E5E /* Project object */;
}
